
Microsoft Visual Studio Solution File, Format Version 11.00
# Visual Web Developer Express 2010
Project("{FAE04EC0-301F-11D3-BF4B-00C04F79EFBC}") = "LiveMonitoring", "LiveMonitoring.csproj", "{085CD247-A458-4076-AE13-C9DE1F8A95F4}"
EndProject
Global
	GlobalSection(SolutionConfigurationPlatforms) = preSolution
		Debug|Any CPU = Debug|Any CPU
		Release|Any CPU = Release|Any CPU
	EndGlobalSection
	GlobalSection(ProjectConfigurationPlatforms) = postSolution
		{085CD247-A458-4076-AE13-C9DE1F8A95F4}.Debug|Any CPU.ActiveCfg = Debug|Any CPU
		{085CD247-A458-4076-AE13-C9DE1F8A95F4}.Debug|Any CPU.Build.0 = Debug|Any CPU
		{085CD247-A458-4076-AE13-C9DE1F8A95F4}.Release|Any CPU.ActiveCfg = Release|Any CPU
		{085CD247-A458-4076-AE13-C9DE1F8A95F4}.Release|Any CPU.Build.0 = Release|Any CPU
	EndGlobalSection
	GlobalSection(SolutionProperties) = preSolution
		HideSolutionNode = FALSE
	EndGlobalSection
EndGlobal
